
Microsoft Visual Studio Solution File, Format Version 12.00
# Visual Studio 15
VisualStudioVersion = 15.0.26430.16
MinimumVisualStudioVersion = 10.0.40219.1
Project("{FAE04EC0-301F-11D3-BF4B-00C04F79EFBC}") = "FelizESortudo", "Feliz_e_Sortudo\FelizESortudo.csproj", "{3ABCA07F-2EBA-44C1-914E-658D00908EA5}"
EndProject
Project("{FAE04EC0-301F-11D3-BF4B-00C04F79EFBC}") = "Feliz.Tests", "Feliz.Tests\Feliz.Tests.csproj", "{29D92FAE-4053-48D9-A123-369C383B9054}"
EndProject
Project("{FAE04EC0-301F-11D3-BF4B-00C04F79EFBC}") = "Sortudo.Tests", "Sortudo.Tests\Sortudo.Tests.csproj", "{258B9990-526C-43CF-AAAB-E724FFAB8C87}"
EndProject
Global
	GlobalSection(SolutionConfigurationPlatforms) = preSolution
		Debug|Any CPU = Debug|Any CPU
		Release|Any CPU = Release|Any CPU
	EndGlobalSection
	GlobalSection(ProjectConfigurationPlatforms) = postSolution
		{3ABCA07F-2EBA-44C1-914E-658D00908EA5}.Debug|Any CPU.ActiveCfg = Debug|Any CPU
		{3ABCA07F-2EBA-44C1-914E-658D00908EA5}.Debug|Any CPU.Build.0 = Debug|Any CPU
		{3ABCA07F-2EBA-44C1-914E-658D00908EA5}.Release|Any CPU.ActiveCfg = Release|Any CPU
		{3ABCA07F-2EBA-44C1-914E-658D00908EA5}.Release|Any CPU.Build.0 = Release|Any CPU
		{29D92FAE-4053-48D9-A123-369C383B9054}.Debug|Any CPU.ActiveCfg = Debug|Any CPU
		{29D92FAE-4053-48D9-A123-369C383B9054}.Debug|Any CPU.Build.0 = Debug|Any CPU
		{29D92FAE-4053-48D9-A123-369C383B9054}.Release|Any CPU.ActiveCfg = Release|Any CPU
		{29D92FAE-4053-48D9-A123-369C383B9054}.Release|Any CPU.Build.0 = Release|Any CPU
		{258B9990-526C-43CF-AAAB-E724FFAB8C87}.Debug|Any CPU.ActiveCfg = Debug|Any CPU
		{258B9990-526C-43CF-AAAB-E724FFAB8C87}.Debug|Any CPU.Build.0 = Debug|Any CPU
		{258B9990-526C-43CF-AAAB-E724FFAB8C87}.Release|Any CPU.ActiveCfg = Release|Any CPU
		{258B9990-526C-43CF-AAAB-E724FFAB8C87}.Release|Any CPU.Build.0 = Release|Any CPU
	EndGlobalSection
	GlobalSection(SolutionProperties) = preSolution
		HideSolutionNode = FALSE
	EndGlobalSection
EndGlobal
